
Microsoft Visual Studio Solution File, Format Version 11.00
# Visual Studio 2010
Project("{FAE04EC0-301F-11D3-BF4B-00C04F79EFBC}") = "WpfClient", "WpfClient\WpfClient.csproj", "{CE0AA5F5-7119-4C1E-88B2-BE64D6E342D1}"
EndProject
Project("{FAE04EC0-301F-11D3-BF4B-00C04F79EFBC}") = "Tests", "Tests\Tests.csproj", "{76B831D8-FFC9-4F01-92E4-365520261B4F}"
EndProject
Project("{FAE04EC0-301F-11D3-BF4B-00C04F79EFBC}") = "Core", "Core\Core.csproj", "{F3A384AD-E711-4322-9950-101946AB51DA}"
EndProject
Global
	GlobalSection(SolutionConfigurationPlatforms) = preSolution
		Debug|Any CPU = Debug|Any CPU
		Debug|Mixed Platforms = Debug|Mixed Platforms
		Debug|x86 = Debug|x86
		Release|Any CPU = Release|Any CPU
		Release|Mixed Platforms = Release|Mixed Platforms
		Release|x86 = Release|x86
	EndGlobalSection
	GlobalSection(ProjectConfigurationPlatforms) = postSolution
		{CE0AA5F5-7119-4C1E-88B2-BE64D6E342D1}.Debug|Any CPU.ActiveCfg = Debug|x86
		{CE0AA5F5-7119-4C1E-88B2-BE64D6E342D1}.Debug|Mixed Platforms.ActiveCfg = Debug|x86
		{CE0AA5F5-7119-4C1E-88B2-BE64D6E342D1}.Debug|Mixed Platforms.Build.0 = Debug|x86
		{CE0AA5F5-7119-4C1E-88B2-BE64D6E342D1}.Debug|x86.ActiveCfg = Debug|x86
		{CE0AA5F5-7119-4C1E-88B2-BE64D6E342D1}.Debug|x86.Build.0 = Debug|x86
		{CE0AA5F5-7119-4C1E-88B2-BE64D6E342D1}.Release|Any CPU.ActiveCfg = Release|x86
		{CE0AA5F5-7119-4C1E-88B2-BE64D6E342D1}.Release|Mixed Platforms.ActiveCfg = Release|x86
		{CE0AA5F5-7119-4C1E-88B2-BE64D6E342D1}.Release|Mixed Platforms.Build.0 = Release|x86
		{CE0AA5F5-7119-4C1E-88B2-BE64D6E342D1}.Release|x86.ActiveCfg = Release|x86
		{CE0AA5F5-7119-4C1E-88B2-BE64D6E342D1}.Release|x86.Build.0 = Release|x86
		{76B831D8-FFC9-4F01-92E4-365520261B4F}.Debug|Any CPU.ActiveCfg = Debug|Any CPU
		{76B831D8-FFC9-4F01-92E4-365520261B4F}.Debug|Any CPU.Build.0 = Debug|Any CPU
		{76B831D8-FFC9-4F01-92E4-365520261B4F}.Debug|Mixed Platforms.ActiveCfg = Debug|Any CPU
		{76B831D8-FFC9-4F01-92E4-365520261B4F}.Debug|Mixed Platforms.Build.0 = Debug|Any CPU
		{76B831D8-FFC9-4F01-92E4-365520261B4F}.Debug|x86.ActiveCfg = Debug|Any CPU
		{76B831D8-FFC9-4F01-92E4-365520261B4F}.Release|Any CPU.ActiveCfg = Release|Any CPU
		{76B831D8-FFC9-4F01-92E4-365520261B4F}.Release|Any CPU.Build.0 = Release|Any CPU
		{76B831D8-FFC9-4F01-92E4-365520261B4F}.Release|Mixed Platforms.ActiveCfg = Release|Any CPU
		{76B831D8-FFC9-4F01-92E4-365520261B4F}.Release|Mixed Platforms.Build.0 = Release|Any CPU
		{76B831D8-FFC9-4F01-92E4-365520261B4F}.Release|x86.ActiveCfg = Release|Any CPU
		{F3A384AD-E711-4322-9950-101946AB51DA}.Debug|Any CPU.ActiveCfg = Debug|Any CPU
		{F3A384AD-E711-4322-9950-101946AB51DA}.Debug|Any CPU.Build.0 = Debug|Any CPU
		{F3A384AD-E711-4322-9950-101946AB51DA}.Debug|Mixed Platforms.ActiveCfg = Debug|Any CPU
		{F3A384AD-E711-4322-9950-101946AB51DA}.Debug|Mixed Platforms.Build.0 = Debug|Any CPU
		{F3A384AD-E711-4322-9950-101946AB51DA}.Debug|x86.ActiveCfg = Debug|Any CPU
		{F3A384AD-E711-4322-9950-101946AB51DA}.Release|Any CPU.ActiveCfg = Release|Any CPU
		{F3A384AD-E711-4322-9950-101946AB51DA}.Release|Any CPU.Build.0 = Release|Any CPU
		{F3A384AD-E711-4322-9950-101946AB51DA}.Release|Mixed Platforms.ActiveCfg = Release|Any CPU
		{F3A384AD-E711-4322-9950-101946AB51DA}.Release|Mixed Platforms.Build.0 = Release|Any CPU
		{F3A384AD-E711-4322-9950-101946AB51DA}.Release|x86.ActiveCfg = Release|Any CPU
	EndGlobalSection
	GlobalSection(SolutionProperties) = preSolution
		HideSolutionNode = FALSE
	EndGlobalSection
EndGlobal
